
Microsoft Visual Studio Solution File, Format Version 12.00
# Visual Studio Version 17
VisualStudioVersion = 17.13.35825.156
MinimumVisualStudioVersion = 10.0.40219.1
Project("{FAE04EC0-301F-11D3-BF4B-00C04F79EFBC}") = "BasculaInterface", "BasculaInterface\BasculaInterface.csproj", "{C979E53E-8B10-4345-91DA-C2455A501A1F}"
EndProject
Project("{FAE04EC0-301F-11D3-BF4B-00C04F79EFBC}") = "BasculaTerminalApi", "BasculaTerminalApi\BasculaTerminalApi.csproj", "{F57C3FCB-E045-C4D0-B84B-12DEE26F1C93}"
EndProject
Project("{FAE04EC0-301F-11D3-BF4B-00C04F79EFBC}") = "BasculaTerminalTest", "BasculaTerminalTest\BasculaTerminalTest.csproj", "{D331E8A1-C5DA-9B46-C609-6793E8B4CF17}"
EndProject
Project("{FAE04EC0-301F-11D3-BF4B-00C04F79EFBC}") = "Core.Domain", "Core.Domain\Core.Domain.csproj", "{BC2C6025-A88D-4828-A1AE-E9199397CD00}"
EndProject
Project("{FAE04EC0-301F-11D3-BF4B-00C04F79EFBC}") = "Core.Application", "Core.Application\Core.Application.csproj", "{256BDC45-4F8A-4F67-A136-3006C327B615}"
EndProject
Project("{FAE04EC0-301F-11D3-BF4B-00C04F79EFBC}") = "Infrastructure", "Infrastructure\Infrastructure.csproj", "{61C70AD1-F3A0-4596-82DF-C072CB26A15F}"
EndProject
Global
	GlobalSection(SolutionConfigurationPlatforms) = preSolution
		Debug|Any CPU = Debug|Any CPU
		Release|Any CPU = Release|Any CPU
	EndGlobalSection
	GlobalSection(ProjectConfigurationPlatforms) = postSolution
		{C979E53E-8B10-4345-91DA-C2455A501A1F}.Debug|Any CPU.ActiveCfg = Debug|Any CPU
		{C979E53E-8B10-4345-91DA-C2455A501A1F}.Debug|Any CPU.Build.0 = Debug|Any CPU
		{C979E53E-8B10-4345-91DA-C2455A501A1F}.Debug|Any CPU.Deploy.0 = Debug|Any CPU
		{C979E53E-8B10-4345-91DA-C2455A501A1F}.Release|Any CPU.ActiveCfg = Release|Any CPU
		{C979E53E-8B10-4345-91DA-C2455A501A1F}.Release|Any CPU.Build.0 = Release|Any CPU
		{C979E53E-8B10-4345-91DA-C2455A501A1F}.Release|Any CPU.Deploy.0 = Release|Any CPU
		{F57C3FCB-E045-C4D0-B84B-12DEE26F1C93}.Debug|Any CPU.ActiveCfg = Debug|Any CPU
		{F57C3FCB-E045-C4D0-B84B-12DEE26F1C93}.Debug|Any CPU.Build.0 = Debug|Any CPU
		{F57C3FCB-E045-C4D0-B84B-12DEE26F1C93}.Release|Any CPU.ActiveCfg = Release|Any CPU
		{F57C3FCB-E045-C4D0-B84B-12DEE26F1C93}.Release|Any CPU.Build.0 = Release|Any CPU
		{D331E8A1-C5DA-9B46-C609-6793E8B4CF17}.Debug|Any CPU.ActiveCfg = Debug|Any CPU
		{D331E8A1-C5DA-9B46-C609-6793E8B4CF17}.Debug|Any CPU.Build.0 = Debug|Any CPU
		{D331E8A1-C5DA-9B46-C609-6793E8B4CF17}.Release|Any CPU.ActiveCfg = Release|Any CPU
		{D331E8A1-C5DA-9B46-C609-6793E8B4CF17}.Release|Any CPU.Build.0 = Release|Any CPU
		{BC2C6025-A88D-4828-A1AE-E9199397CD00}.Debug|Any CPU.ActiveCfg = Debug|Any CPU
		{BC2C6025-A88D-4828-A1AE-E9199397CD00}.Debug|Any CPU.Build.0 = Debug|Any CPU
		{BC2C6025-A88D-4828-A1AE-E9199397CD00}.Release|Any CPU.ActiveCfg = Release|Any CPU
		{BC2C6025-A88D-4828-A1AE-E9199397CD00}.Release|Any CPU.Build.0 = Release|Any CPU
		{256BDC45-4F8A-4F67-A136-3006C327B615}.Debug|Any CPU.ActiveCfg = Debug|Any CPU
		{256BDC45-4F8A-4F67-A136-3006C327B615}.Debug|Any CPU.Build.0 = Debug|Any CPU
		{256BDC45-4F8A-4F67-A136-3006C327B615}.Release|Any CPU.ActiveCfg = Release|Any CPU
		{256BDC45-4F8A-4F67-A136-3006C327B615}.Release|Any CPU.Build.0 = Release|Any CPU
		{61C70AD1-F3A0-4596-82DF-C072CB26A15F}.Debug|Any CPU.ActiveCfg = Debug|Any CPU
		{61C70AD1-F3A0-4596-82DF-C072CB26A15F}.Debug|Any CPU.Build.0 = Debug|Any CPU
		{61C70AD1-F3A0-4596-82DF-C072CB26A15F}.Release|Any CPU.ActiveCfg = Release|Any CPU
		{61C70AD1-F3A0-4596-82DF-C072CB26A15F}.Release|Any CPU.Build.0 = Release|Any CPU
	EndGlobalSection
	GlobalSection(SolutionProperties) = preSolution
		HideSolutionNode = FALSE
	EndGlobalSection
	GlobalSection(ExtensibilityGlobals) = postSolution
		SolutionGuid = {F89E4C85-AF71-4251-9A91-54AFAF839EFB}
	EndGlobalSection
EndGlobal
